
Microsoft Visual Studio Solution File, Format Version 12.00
# Visual Studio Version 17
VisualStudioVersion = 17.5.33627.172
MinimumVisualStudioVersion = 10.0.40219.1
Project("{9A19103F-16F7-4668-BE54-9A1E7A4F7556}") = "Week3", "Week3\Week3.csproj", "{D3BFE9E7-2C5B-4663-8CA9-11F86A6213CE}"
EndProject
Project("{FAE04EC0-301F-11D3-BF4B-00C04F79EFBC}") = "Week3remainder", "Week3remainder\Week3remainder.csproj", "{1B55D618-7A09-4BF5-81B6-726CFFC0CA8E}"
EndProject
Global
	GlobalSection(SolutionConfigurationPlatforms) = preSolution
		Debug|Any CPU = Debug|Any CPU
		Release|Any CPU = Release|Any CPU
	EndGlobalSection
	GlobalSection(ProjectConfigurationPlatforms) = postSolution
		{D3BFE9E7-2C5B-4663-8CA9-11F86A6213CE}.Debug|Any CPU.ActiveCfg = Debug|Any CPU
		{D3BFE9E7-2C5B-4663-8CA9-11F86A6213CE}.Debug|Any CPU.Build.0 = Debug|Any CPU
		{D3BFE9E7-2C5B-4663-8CA9-11F86A6213CE}.Release|Any CPU.ActiveCfg = Release|Any CPU
		{D3BFE9E7-2C5B-4663-8CA9-11F86A6213CE}.Release|Any CPU.Build.0 = Release|Any CPU
		{1B55D618-7A09-4BF5-81B6-726CFFC0CA8E}.Debug|Any CPU.ActiveCfg = Debug|Any CPU
		{1B55D618-7A09-4BF5-81B6-726CFFC0CA8E}.Debug|Any CPU.Build.0 = Debug|Any CPU
		{1B55D618-7A09-4BF5-81B6-726CFFC0CA8E}.Release|Any CPU.ActiveCfg = Release|Any CPU
		{1B55D618-7A09-4BF5-81B6-726CFFC0CA8E}.Release|Any CPU.Build.0 = Release|Any CPU
	EndGlobalSection
	GlobalSection(SolutionProperties) = preSolution
		HideSolutionNode = FALSE
	EndGlobalSection
	GlobalSection(ExtensibilityGlobals) = postSolution
		SolutionGuid = {1BBF9E4A-C34D-4099-9C81-81A1462CD02A}
	EndGlobalSection
EndGlobal
